
Microsoft Visual Studio Solution File, Format Version 12.00
# Visual Studio Version 17
VisualStudioVersion = 17.3.32922.545
MinimumVisualStudioVersion = 10.0.40219.1
Project("{9A19103F-16F7-4668-BE54-9A1E7A4F7556}") = "Shop.UI", "Shop.UI\Shop.UI.csproj", "{7D7BCFFD-ABAD-43C8-BFFD-5DEC7DEE4B31}"
EndProject
Project("{9A19103F-16F7-4668-BE54-9A1E7A4F7556}") = "Shop.Domain", "Shop.Domain\Shop.Domain.csproj", "{95C3E159-2878-4D6F-AEA6-207189D9E024}"
EndProject
Project("{9A19103F-16F7-4668-BE54-9A1E7A4F7556}") = "Shop.Application", "Shop.Application\Shop.Application.csproj", "{C0D32679-6043-499A-A556-FF171E29082E}"
EndProject
Project("{9A19103F-16F7-4668-BE54-9A1E7A4F7556}") = "Shop.Database", "Shop.Database\Shop.Database.csproj", "{0B80AAEE-97CB-46FF-9DE1-E6EB694A3977}"
EndProject
Global
	GlobalSection(SolutionConfigurationPlatforms) = preSolution
		Debug|Any CPU = Debug|Any CPU
		Release|Any CPU = Release|Any CPU
	EndGlobalSection
	GlobalSection(ProjectConfigurationPlatforms) = postSolution
		{7D7BCFFD-ABAD-43C8-BFFD-5DEC7DEE4B31}.Debug|Any CPU.ActiveCfg = Debug|Any CPU
		{7D7BCFFD-ABAD-43C8-BFFD-5DEC7DEE4B31}.Debug|Any CPU.Build.0 = Debug|Any CPU
		{7D7BCFFD-ABAD-43C8-BFFD-5DEC7DEE4B31}.Release|Any CPU.ActiveCfg = Release|Any CPU
		{7D7BCFFD-ABAD-43C8-BFFD-5DEC7DEE4B31}.Release|Any CPU.Build.0 = Release|Any CPU
		{95C3E159-2878-4D6F-AEA6-207189D9E024}.Debug|Any CPU.ActiveCfg = Debug|Any CPU
		{95C3E159-2878-4D6F-AEA6-207189D9E024}.Debug|Any CPU.Build.0 = Debug|Any CPU
		{95C3E159-2878-4D6F-AEA6-207189D9E024}.Release|Any CPU.ActiveCfg = Release|Any CPU
		{95C3E159-2878-4D6F-AEA6-207189D9E024}.Release|Any CPU.Build.0 = Release|Any CPU
		{C0D32679-6043-499A-A556-FF171E29082E}.Debug|Any CPU.ActiveCfg = Debug|Any CPU
		{C0D32679-6043-499A-A556-FF171E29082E}.Debug|Any CPU.Build.0 = Debug|Any CPU
		{C0D32679-6043-499A-A556-FF171E29082E}.Release|Any CPU.ActiveCfg = Release|Any CPU
		{C0D32679-6043-499A-A556-FF171E29082E}.Release|Any CPU.Build.0 = Release|Any CPU
		{0B80AAEE-97CB-46FF-9DE1-E6EB694A3977}.Debug|Any CPU.ActiveCfg = Debug|Any CPU
		{0B80AAEE-97CB-46FF-9DE1-E6EB694A3977}.Debug|Any CPU.Build.0 = Debug|Any CPU
		{0B80AAEE-97CB-46FF-9DE1-E6EB694A3977}.Release|Any CPU.ActiveCfg = Release|Any CPU
		{0B80AAEE-97CB-46FF-9DE1-E6EB694A3977}.Release|Any CPU.Build.0 = Release|Any CPU
	EndGlobalSection
	GlobalSection(SolutionProperties) = preSolution
		HideSolutionNode = FALSE
	EndGlobalSection
	GlobalSection(ExtensibilityGlobals) = postSolution
		SolutionGuid = {35374249-99B8-4266-AAEC-3D211D03DCCE}
	EndGlobalSection
EndGlobal
